{
  "name": "InterfacePrictice1",
  "lockfileVersion": 3,
  "requires": true,
  "packages": {
    "": {
      "dependencies": {
        "@boost/args": "^5.0.0"
      }
    },
    "node_modules/@boost/args": {
      "version": "5.0.0",
      "resolved": "https://registry.npmjs.org/@boost/args/-/args-5.0.0.tgz",
      "integrity": "sha512-6UdqDkF50fRYUOlAupbUA08FvAG/nVxaKRmThAcrjCcxCQmPEmFwmS6kqHwiFYy1RNbn5ChD9sERcWTeJAUfZg==",
      "license": "MIT",
      "dependencies": {
        "@boost/internal": "^5.0.0",
        "levenary": "^1.1.1"
      },
      "engines": {
        "node": ">=18.12.0"
      }
    },
    "node_modules/@boost/internal": {
      "version": "5.0.0",
      "resolved": "https://registry.npmjs.org/@boost/internal/-/internal-5.0.0.tgz",
      "integrity": "sha512-58mAGmIs4RTpeZOQcUaY4hFLuN29WzLipmjEmMQHKHVIqTLHK0BZBlHP8IanHyQeVQQqS9/7aikE7GPNL8glEQ==",
      "license": "MIT",
      "dependencies": {
        "debug": "^4.3.4"
      },
      "engines": {
        "node": ">=18.12.0"
      },
      "funding": {
        "type": "ko-fi",
        "url": "https://ko-fi.com/milesjohnson"
      }
    },
    "node_modules/debug": {
      "version": "4.4.3",
      "resolved": "https://registry.npmjs.org/debug/-/debug-4.4.3.tgz",
      "integrity": "sha512-RGwwWnwQvkVfavKVt22FGLw+xYSdzARwm0ru6DhTVA3umU5hZc28V3kO4stgYryrTlLpuvgI9GiijltAjNbcqA==",
      "license": "MIT",
      "dependencies": {
        "ms": "^2.1.3"
      },
      "engines": {
        "node": ">=6.0"
      },
      "peerDependenciesMeta": {
        "supports-color": {
          "optional": true
        }
      }
    },
    "node_modules/leven": {
      "version": "3.1.0",
      "resolved": "https://registry.npmjs.org/leven/-/leven-3.1.0.tgz",
      "integrity": "sha512-qsda+H8jTaUaN/x5vzW2rzc+8Rw4TAQ/4KjB46IwK5VH+IlVeeeje/EoZRpiXvIqjFgK84QffqPztGI3VBLG1A==",
      "license": "MIT",
      "engines": {
        "node": ">=6"
      }
    },
    "node_modules/levenary": {
      "version": "1.1.1",
      "resolved": "https://registry.npmjs.org/levenary/-/levenary-1.1.1.tgz",
      "integrity": "sha512-mkAdOIt79FD6irqjYSs4rdbnlT5vRonMEvBVPVb3XmevfS8kgRXwfes0dhPdEtzTWD/1eNE/Bm/G1iRt6DcnQQ==",
      "license": "MIT",
      "dependencies": {
        "leven": "^3.1.0"
      },
      "engines": {
        "node": ">= 6"
      }
    },
    "node_modules/ms": {
      "version": "2.1.3",
      "resolved": "https://registry.npmjs.org/ms/-/ms-2.1.3.tgz",
      "integrity": "sha512-6FlzubTLZG3J2a/NVCAleEhjzq5oxgHyaCU9yYXvcLsvoVaHJq/s5xXI6/XXP6tz7R9xAOtHnSO/tXtF3WRTlA==",
      "license": "MIT"
    }
  }
}
